// !$*UTF8*$!
{
	archiveVersion = 1;
	classes = {
	};
	objectVersion = 46;
	objects = {

/* Begin PBXBuildFile section */
		1BEF9B301EB2F01A00D85720 /* main.m in Sources */ = {isa = PBXBuildFile; fileRef = 1BEF9B2F1EB2F01A00D85720 /* main.m */; };
		1BEF9B331EB2F01A00D85720 /* AppDelegate.m in Sources */ = {isa = PBXBuildFile; fileRef = 1BEF9B321EB2F01A00D85720 /* AppDelegate.m */; };
		1BEF9B361EB2F01A00D85720 /* ViewController.m in Sources */ = {isa = PBXBuildFile; fileRef = 1BEF9B351EB2F01A00D85720 /* ViewController.m */; };
		1BEF9B3C1EB2F01A00D85720 /* NAZKMiner.xcdatamodeld in Sources */ = {isa = PBXBuildFile; fileRef = 1BEF9B3A1EB2F01A00D85720 /* NAZKMiner.xcdatamodeld */; };
		1BEF9B3E1EB2F01A00D85720 /* Assets.xcassets in Resources */ = {isa = PBXBuildFile; fileRef = 1BEF9B3D1EB2F01A00D85720 /* Assets.xcassets */; };
		1BEF9B411EB2F01A00D85720 /* LaunchScreen.storyboard in Resources */ = {isa = PBXBuildFile; fileRef = 1BEF9B3F1EB2F01A00D85720 /* LaunchScreen.storyboard */; };
		1BEF9B4C1EB2F01A00D85720 /* NAZKMinerTests.m in Sources */ = {isa = PBXBuildFile; fileRef = 1BEF9B4B1EB2F01A00D85720 /* NAZKMinerTests.m */; };
		1BEF9B571EB2F01A00D85720 /* NAZKMinerUITests.m in Sources */ = {isa = PBXBuildFile; fileRef = 1BEF9B561EB2F01A00D85720 /* NAZKMinerUITests.m */; };
		1BEF9B691EB2FE5800D85720 /* PersonTableViewCell.m in Sources */ = {isa = PBXBuildFile; fileRef = 1BEF9B681EB2FE5800D85720 /* PersonTableViewCell.m */; };
		1BEF9B6C1EB2FEF600D85720 /* Person.m in Sources */ = {isa = PBXBuildFile; fileRef = 1BEF9B6B1EB2FEF600D85720 /* Person.m */; };
		1BEF9B711EB3128900D85720 /* PersonSearchView.m in Sources */ = {isa = PBXBuildFile; fileRef = 1BEF9B701EB3128900D85720 /* PersonSearchView.m */; };
		1BEF9B741EB3B08B00D85720 /* NazkAPIManager.m in Sources */ = {isa = PBXBuildFile; fileRef = 1BEF9B731EB3B08B00D85720 /* NazkAPIManager.m */; };
		1BEF9BB01EB3E4B900D85720 /* WebViewController.m in Sources */ = {isa = PBXBuildFile; fileRef = 1BEF9BAF1EB3E4B900D85720 /* WebViewController.m */; };
		1BEF9BBF1EB4C37700D85720 /* NAZKPerson+CoreDataClass.m in Sources */ = {isa = PBXBuildFile; fileRef = 1BEF9BBC1EB4C37700D85720 /* NAZKPerson+CoreDataClass.m */; };
		1BEF9BC01EB4C37700D85720 /* NAZKPerson+CoreDataProperties.m in Sources */ = {isa = PBXBuildFile; fileRef = 1BEF9BBE1EB4C37700D85720 /* NAZKPerson+CoreDataProperties.m */; };
/* End PBXBuildFile section */

/* Begin PBXContainerItemProxy section */
		1BEF9B481EB2F01A00D85720 /* PBXContainerItemProxy */ = {
			isa = PBXContainerItemProxy;
			containerPortal = 1BEF9B231EB2F01900D85720 /* Project object */;
			proxyType = 1;
			remoteGlobalIDString = 1BEF9B2A1EB2F01900D85720;
			remoteInfo = NAZKMiner;
		};
		1BEF9B531EB2F01A00D85720 /* PBXContainerItemProxy */ = {
			isa = PBXContainerItemProxy;
			containerPortal = 1BEF9B231EB2F01900D85720 /* Project object */;
			proxyType = 1;
			remoteGlobalIDString = 1BEF9B2A1EB2F01900D85720;
			remoteInfo = NAZKMiner;
		};
/* End PBXContainerItemProxy section */

/* Begin PBXFileReference section */
		1BEF9B2B1EB2F01A00D85720 /* NAZKMiner.app */ = {isa = PBXFileReference; explicitFileType = wrapper.application; includeInIndex = 0; path = NAZKMiner.app; sourceTree = BUILT_PRODUCTS_DIR; };
		1BEF9B2F1EB2F01A00D85720 /* main.m */ = {isa = PBXFileReference; lastKnownFileType = sourcecode.c.objc; path = main.m; sourceTree = "<group>"; };
		1BEF9B311EB2F01A00D85720 /* AppDelegate.h */ = {isa = PBXFileReference; lastKnownFileType = sourcecode.c.h; path = AppDelegate.h; sourceTree = "<group>"; };
		1BEF9B321EB2F01A00D85720 /* AppDelegate.m */ = {isa = PBXFileReference; lastKnownFileType = sourcecode.c.objc; path = AppDelegate.m; sourceTree = "<group>"; };
		1BEF9B341EB2F01A00D85720 /* ViewController.h */ = {isa = PBXFileReference; lastKnownFileType = sourcecode.c.h; path = ViewController.h; sourceTree = "<group>"; };
		1BEF9B351EB2F01A00D85720 /* ViewController.m */ = {isa = PBXFileReference; lastKnownFileType = sourcecode.c.objc; path = ViewController.m; sourceTree = "<group>"; };
		1BEF9B3B1EB2F01A00D85720 /* NAZKMiner.xcdatamodel */ = {isa = PBXFileReference; lastKnownFileType = wrapper.xcdatamodel; path = NAZKMiner.xcdatamodel; sourceTree = "<group>"; };
		1BEF9B3D1EB2F01A00D85720 /* Assets.xcassets */ = {isa = PBXFileReference; lastKnownFileType = folder.assetcatalog; path = Assets.xcassets; sourceTree = "<group>"; };
		1BEF9B401EB2F01A00D85720 /* Base */ = {isa = PBXFileReference; lastKnownFileType = file.storyboard; name = Base; path = Base.lproj/LaunchScreen.storyboard; sourceTree = "<group>"; };
		1BEF9B421EB2F01A00D85720 /* Info.plist */ = {isa = PBXFileReference; lastKnownFileType = text.plist.xml; path = Info.plist; sourceTree = "<group>"; };
		1BEF9B471EB2F01A00D85720 /* NAZKMinerTests.xctest */ = {isa = PBXFileReference; explicitFileType = wrapper.cfbundle; includeInIndex = 0; path = NAZKMinerTests.xctest; sourceTree = BUILT_PRODUCTS_DIR; };
		1BEF9B4B1EB2F01A00D85720 /* NAZKMinerTests.m */ = {isa = PBXFileReference; lastKnownFileType = sourcecode.c.objc; path = NAZKMinerTests.m; sourceTree = "<group>"; };
		1BEF9B4D1EB2F01A00D85720 /* Info.plist */ = {isa = PBXFileReference; lastKnownFileType = text.plist.xml; path = Info.plist; sourceTree = "<group>"; };
		1BEF9B521EB2F01A00D85720 /* NAZKMinerUITests.xctest */ = {isa = PBXFileReference; explicitFileType = wrapper.cfbundle; includeInIndex = 0; path = NAZKMinerUITests.xctest; sourceTree = BUILT_PRODUCTS_DIR; };
		1BEF9B561EB2F01A00D85720 /* NAZKMinerUITests.m */ = {isa = PBXFileReference; lastKnownFileType = sourcecode.c.objc; path = NAZKMinerUITests.m; sourceTree = "<group>"; };
		1BEF9B581EB2F01A00D85720 /* Info.plist */ = {isa = PBXFileReference; lastKnownFileType = text.plist.xml; path = Info.plist; sourceTree = "<group>"; };
		1BEF9B671EB2FE5800D85720 /* PersonTableViewCell.h */ = {isa = PBXFileReference; fileEncoding = 4; lastKnownFileType = sourcecode.c.h; path = PersonTableViewCell.h; sourceTree = "<group>"; };
		1BEF9B681EB2FE5800D85720 /* PersonTableViewCell.m */ = {isa = PBXFileReference; fileEncoding = 4; lastKnownFileType = sourcecode.c.objc; path = PersonTableViewCell.m; sourceTree = "<group>"; };
		1BEF9B6A1EB2FEF600D85720 /* Person.h */ = {isa = PBXFileReference; fileEncoding = 4; lastKnownFileType = sourcecode.c.h; path = Person.h; sourceTree = "<group>"; };
		1BEF9B6B1EB2FEF600D85720 /* Person.m */ = {isa = PBXFileReference; fileEncoding = 4; lastKnownFileType = sourcecode.c.objc; path = Person.m; sourceTree = "<group>"; };
		1BEF9B6F1EB3128900D85720 /* PersonSearchView.h */ = {isa = PBXFileReference; fileEncoding = 4; lastKnownFileType = sourcecode.c.h; path = PersonSearchView.h; sourceTree = "<group>"; };
		1BEF9B701EB3128900D85720 /* PersonSearchView.m */ = {isa = PBXFileReference; fileEncoding = 4; lastKnownFileType = sourcecode.c.objc; path = PersonSearchView.m; sourceTree = "<group>"; };
		1BEF9B721EB3B08B00D85720 /* NazkAPIManager.h */ = {isa = PBXFileReference; fileEncoding = 4; lastKnownFileType = sourcecode.c.h; path = NazkAPIManager.h; sourceTree = "<group>"; };
		1BEF9B731EB3B08B00D85720 /* NazkAPIManager.m */ = {isa = PBXFileReference; fileEncoding = 4; lastKnownFileType = sourcecode.c.objc; path = NazkAPIManager.m; sourceTree = "<group>"; };
		1BEF9BAE1EB3E4B900D85720 /* WebViewController.h */ = {isa = PBXFileReference; fileEncoding = 4; lastKnownFileType = sourcecode.c.h; path = WebViewController.h; sourceTree = "<group>"; };
		1BEF9BAF1EB3E4B900D85720 /* WebViewController.m */ = {isa = PBXFileReference; fileEncoding = 4; lastKnownFileType = sourcecode.c.objc; path = WebViewController.m; sourceTree = "<group>"; };
		1BEF9BBB1EB4C37700D85720 /* NAZKPerson+CoreDataClass.h */ = {isa = PBXFileReference; fileEncoding = 4; lastKnownFileType = sourcecode.c.h; name = "NAZKPerson+CoreDataClass.h"; path = "../NAZKPerson+CoreDataClass.h"; sourceTree = "<group>"; };
		1BEF9BBC1EB4C37700D85720 /* NAZKPerson+CoreDataClass.m */ = {isa = PBXFileReference; fileEncoding = 4; lastKnownFileType = sourcecode.c.objc; name = "NAZKPerson+CoreDataClass.m"; path = "../NAZKPerson+CoreDataClass.m"; sourceTree = "<group>"; };
		1BEF9BBD1EB4C37700D85720 /* NAZKPerson+CoreDataProperties.h */ = {isa = PBXFileReference; fileEncoding = 4; lastKnownFileType = sourcecode.c.h; name = "NAZKPerson+CoreDataProperties.h"; path = "../NAZKPerson+CoreDataProperties.h"; sourceTree = "<group>"; };
		1BEF9BBE1EB4C37700D85720 /* NAZKPerson+CoreDataProperties.m */ = {isa = PBXFileReference; fileEncoding = 4; lastKnownFileType = sourcecode.c.objc; name = "NAZKPerson+CoreDataProperties.m"; path = "../NAZKPerson+CoreDataProperties.m"; sourceTree = "<group>"; };
/* End PBXFileReference section */

/* Begin PBXFrameworksBuildPhase section */
		1BEF9B281EB2F01900D85720 /* Frameworks */ = {
			isa = PBXFrameworksBuildPhase;
			buildActionMask = 2147483647;
			files = (
			);
			runOnlyForDeploymentPostprocessing = 0;
		};
		1BEF9B441EB2F01A00D85720 /* Frameworks */ = {
			isa = PBXFrameworksBuildPhase;
			buildActionMask = 2147483647;
			files = (
			);
			runOnlyForDeploymentPostprocessing = 0;
		};
		1BEF9B4F1EB2F01A00D85720 /* Frameworks */ = {
			isa = PBXFrameworksBuildPhase;
			buildActionMask = 2147483647;
			files = (
			);
			runOnlyForDeploymentPostprocessing = 0;
		};
/* End PBXFrameworksBuildPhase section */

/* Begin PBXGroup section */
		1BEF9B221EB2F01900D85720 = {
			isa = PBXGroup;
			children = (
				1BEF9B2D1EB2F01A00D85720 /* NAZKMiner */,
				1BEF9B4A1EB2F01A00D85720 /* NAZKMinerTests */,
				1BEF9B551EB2F01A00D85720 /* NAZKMinerUITests */,
				1BEF9B2C1EB2F01A00D85720 /* Products */,
			);
			sourceTree = "<group>";
		};
		1BEF9B2C1EB2F01A00D85720 /* Products */ = {
			isa = PBXGroup;
			children = (
				1BEF9B2B1EB2F01A00D85720 /* NAZKMiner.app */,
				1BEF9B471EB2F01A00D85720 /* NAZKMinerTests.xctest */,
				1BEF9B521EB2F01A00D85720 /* NAZKMinerUITests.xctest */,
			);
			name = Products;
			sourceTree = "<group>";
		};
		1BEF9B2D1EB2F01A00D85720 /* NAZKMiner */ = {
			isa = PBXGroup;
			children = (
				1BEF9B311EB2F01A00D85720 /* AppDelegate.h */,
				1BEF9B321EB2F01A00D85720 /* AppDelegate.m */,
				1BEF9B341EB2F01A00D85720 /* ViewController.h */,
				1BEF9B351EB2F01A00D85720 /* ViewController.m */,
				1BEF9BAE1EB3E4B900D85720 /* WebViewController.h */,
				1BEF9BAF1EB3E4B900D85720 /* WebViewController.m */,
				1BEF9B761EB3B15600D85720 /* API */,
				1BEF9B6E1EB3038D00D85720 /* View */,
				1BEF9B6D1EB2FEFF00D85720 /* Model */,
				1BEF9BB41EB49F9600D85720 /* Datastore */,
				1BEF9B3D1EB2F01A00D85720 /* Assets.xcassets */,
				1BEF9B3F1EB2F01A00D85720 /* LaunchScreen.storyboard */,
				1BEF9B421EB2F01A00D85720 /* Info.plist */,
				1BEF9B3A1EB2F01A00D85720 /* NAZKMiner.xcdatamodeld */,
				1BEF9B2E1EB2F01A00D85720 /* Supporting Files */,
			);
			path = NAZKMiner;
			sourceTree = "<group>";
		};
		1BEF9B2E1EB2F01A00D85720 /* Supporting Files */ = {
			isa = PBXGroup;
			children = (
				1BEF9B2F1EB2F01A00D85720 /* main.m */,
			);
			name = "Supporting Files";
			sourceTree = "<group>";
		};
		1BEF9B4A1EB2F01A00D85720 /* NAZKMinerTests */ = {
			isa = PBXGroup;
			children = (
				1BEF9B4B1EB2F01A00D85720 /* NAZKMinerTests.m */,
				1BEF9B4D1EB2F01A00D85720 /* Info.plist */,
			);
			path = NAZKMinerTests;
			sourceTree = "<group>";
		};
		1BEF9B551EB2F01A00D85720 /* NAZKMinerUITests */ = {
			isa = PBXGroup;
			children = (
				1BEF9B561EB2F01A00D85720 /* NAZKMinerUITests.m */,
				1BEF9B581EB2F01A00D85720 /* Info.plist */,
			);
			path = NAZKMinerUITests;
			sourceTree = "<group>";
		};
		1BEF9B6D1EB2FEFF00D85720 /* Model */ = {
			isa = PBXGroup;
			children = (
				1BEF9B6A1EB2FEF600D85720 /* Person.h */,
				1BEF9B6B1EB2FEF600D85720 /* Person.m */,
			);
			name = Model;
			sourceTree = "<group>";
		};
		1BEF9B6E1EB3038D00D85720 /* View */ = {
			isa = PBXGroup;
			children = (
				1BEF9B6F1EB3128900D85720 /* PersonSearchView.h */,
				1BEF9B701EB3128900D85720 /* PersonSearchView.m */,
				1BEF9B671EB2FE5800D85720 /* PersonTableViewCell.h */,
				1BEF9B681EB2FE5800D85720 /* PersonTableViewCell.m */,
			);
			name = View;
			sourceTree = "<group>";
		};
		1BEF9B761EB3B15600D85720 /* API */ = {
			isa = PBXGroup;
			children = (
				1BEF9B721EB3B08B00D85720 /* NazkAPIManager.h */,
				1BEF9B731EB3B08B00D85720 /* NazkAPIManager.m */,
			);
			name = API;
			sourceTree = "<group>";
		};
		1BEF9BB41EB49F9600D85720 /* Datastore */ = {
			isa = PBXGroup;
			children = (
				1BEF9BBB1EB4C37700D85720 /* NAZKPerson+CoreDataClass.h */,
				1BEF9BBC1EB4C37700D85720 /* NAZKPerson+CoreDataClass.m */,
				1BEF9BBD1EB4C37700D85720 /* NAZKPerson+CoreDataProperties.h */,
				1BEF9BBE1EB4C37700D85720 /* NAZKPerson+CoreDataProperties.m */,
			);
			name = Datastore;
			sourceTree = "<group>";
		};
/* End PBXGroup section */

/* Begin PBXNativeTarget section */
		1BEF9B2A1EB2F01900D85720 /* NAZKMiner */ = {
			isa = PBXNativeTarget;
			buildConfigurationList = 1BEF9B5B1EB2F01A00D85720 /* Build configuration list for PBXNativeTarget "NAZKMiner" */;
			buildPhases = (
				1BEF9B271EB2F01900D85720 /* Sources */,
				1BEF9B281EB2F01900D85720 /* Frameworks */,
				1BEF9B291EB2F01900D85720 /* Resources */,
			);
			buildRules = (
			);
			dependencies = (
			);
			name = NAZKMiner;
			productName = NAZKMiner;
			productReference = 1BEF9B2B1EB2F01A00D85720 /* NAZKMiner.app */;
			productType = "com.apple.product-type.application";
		};
		1BEF9B461EB2F01A00D85720 /* NAZKMinerTests */ = {
			isa = PBXNativeTarget;
			buildConfigurationList = 1BEF9B5E1EB2F01A00D85720 /* Build configuration list for PBXNativeTarget "NAZKMinerTests" */;
			buildPhases = (
				1BEF9B431EB2F01A00D85720 /* Sources */,
				1BEF9B441EB2F01A00D85720 /* Frameworks */,
				1BEF9B451EB2F01A00D85720 /* Resources */,
			);
			buildRules = (
			);
			dependencies = (
				1BEF9B491EB2F01A00D85720 /* PBXTargetDependency */,
			);
			name = NAZKMinerTests;
			productName = NAZKMinerTests;
			productReference = 1BEF9B471EB2F01A00D85720 /* NAZKMinerTests.xctest */;
			productType = "com.apple.product-type.bundle.unit-test";
		};
		1BEF9B511EB2F01A00D85720 /* NAZKMinerUITests */ = {
			isa = PBXNativeTarget;
			buildConfigurationList = 1BEF9B611EB2F01A00D85720 /* Build configuration list for PBXNativeTarget "NAZKMinerUITests" */;
			buildPhases = (
				1BEF9B4E1EB2F01A00D85720 /* Sources */,
				1BEF9B4F1EB2F01A00D85720 /* Frameworks */,
				1BEF9B501EB2F01A00D85720 /* Resources */,
			);
			buildRules = (
			);
			dependencies = (
				1BEF9B541EB2F01A00D85720 /* PBXTargetDependency */,
			);
			name = NAZKMinerUITests;
			productName = NAZKMinerUITests;
			productReference = 1BEF9B521EB2F01A00D85720 /* NAZKMinerUITests.xctest */;
			productType = "com.apple.product-type.bundle.ui-testing";
		};
/* End PBXNativeTarget section */

/* Begin PBXProject section */
		1BEF9B231EB2F01900D85720 /* Project object */ = {
			isa = PBXProject;
			attributes = {
				LastUpgradeCheck = 0830;
				ORGANIZATIONNAME = NodeAds;
				TargetAttributes = {
					1BEF9B2A1EB2F01900D85720 = {
						CreatedOnToolsVersion = 8.3.2;
						ProvisioningStyle = Automatic;
					};
					1BEF9B461EB2F01A00D85720 = {
						CreatedOnToolsVersion = 8.3.2;
						DevelopmentTeam = AFK9K52BRT;
						ProvisioningStyle = Automatic;
						TestTargetID = 1BEF9B2A1EB2F01900D85720;
					};
					1BEF9B511EB2F01A00D85720 = {
						CreatedOnToolsVersion = 8.3.2;
						DevelopmentTeam = AFK9K52BRT;
						ProvisioningStyle = Automatic;
						TestTargetID = 1BEF9B2A1EB2F01900D85720;
					};
				};
			};
			buildConfigurationList = 1BEF9B261EB2F01900D85720 /* Build configuration list for PBXProject "NAZKMiner" */;
			compatibilityVersion = "Xcode 3.2";
			developmentRegion = English;
			hasScannedForEncodings = 0;
			knownRegions = (
				en,
				Base,
			);
			mainGroup = 1BEF9B221EB2F01900D85720;
			productRefGroup = 1BEF9B2C1EB2F01A00D85720 /* Products */;
			projectDirPath = "";
			projectRoot = "";
			targets = (
				1BEF9B2A1EB2F01900D85720 /* NAZKMiner */,
				1BEF9B461EB2F01A00D85720 /* NAZKMinerTests */,
				1BEF9B511EB2F01A00D85720 /* NAZKMinerUITests */,
			);
		};
/* End PBXProject section */

/* Begin PBXResourcesBuildPhase section */
		1BEF9B291EB2F01900D85720 /* Resources */ = {
			isa = PBXResourcesBuildPhase;
			buildActionMask = 2147483647;
			files = (
				1BEF9B411EB2F01A00D85720 /* LaunchScreen.storyboard in Resources */,
				1BEF9B3E1EB2F01A00D85720 /* Assets.xcassets in Resources */,
			);
			runOnlyForDeploymentPostprocessing = 0;
		};
		1BEF9B451EB2F01A00D85720 /* Resources */ = {
			isa = PBXResourcesBuildPhase;
			buildActionMask = 2147483647;
			files = (
			);
			runOnlyForDeploymentPostprocessing = 0;
		};
		1BEF9B501EB2F01A00D85720 /* Resources */ = {
			isa = PBXResourcesBuildPhase;
			buildActionMask = 2147483647;
			files = (
			);
			runOnlyForDeploymentPostprocessing = 0;
		};
/* End PBXResourcesBuildPhase section */

/* Begin PBXSourcesBuildPhase section */
		1BEF9B271EB2F01900D85720 /* Sources */ = {
			isa = PBXSourcesBuildPhase;
			buildActionMask = 2147483647;
			files = (
				1BEF9B6C1EB2FEF600D85720 /* Person.m in Sources */,
				1BEF9B361EB2F01A00D85720 /* ViewController.m in Sources */,
				1BEF9B3C1EB2F01A00D85720 /* NAZKMiner.xcdatamodeld in Sources */,
				1BEF9B331EB2F01A00D85720 /* AppDelegate.m in Sources */,
				1BEF9B741EB3B08B00D85720 /* NazkAPIManager.m in Sources */,
				1BEF9B301EB2F01A00D85720 /* main.m in Sources */,
				1BEF9BC01EB4C37700D85720 /* NAZKPerson+CoreDataProperties.m in Sources */,
				1BEF9BBF1EB4C37700D85720 /* NAZKPerson+CoreDataClass.m in Sources */,
				1BEF9BB01EB3E4B900D85720 /* WebViewController.m in Sources */,
				1BEF9B691EB2FE5800D85720 /* PersonTableViewCell.m in Sources */,
				1BEF9B711EB3128900D85720 /* PersonSearchView.m in Sources */,
			);
			runOnlyForDeploymentPostprocessing = 0;
		};
		1BEF9B431EB2F01A00D85720 /* Sources */ = {
			isa = PBXSourcesBuildPhase;
			buildActionMask = 2147483647;
			files = (
				1BEF9B4C1EB2F01A00D85720 /* NAZKMinerTests.m in Sources */,
			);
			runOnlyForDeploymentPostprocessing = 0;
		};
		1BEF9B4E1EB2F01A00D85720 /* Sources */ = {
			isa = PBXSourcesBuildPhase;
			buildActionMask = 2147483647;
			files = (
				1BEF9B571EB2F01A00D85720 /* NAZKMinerUITests.m in Sources */,
			);
			runOnlyForDeploymentPostprocessing = 0;
		};
/* End PBXSourcesBuildPhase section */

/* Begin PBXTargetDependency section */
		1BEF9B491EB2F01A00D85720 /* PBXTargetDependency */ = {
			isa = PBXTargetDependency;
			target = 1BEF9B2A1EB2F01900D85720 /* NAZKMiner */;
			targetProxy = 1BEF9B481EB2F01A00D85720 /* PBXContainerItemProxy */;
		};
		1BEF9B541EB2F01A00D85720 /* PBXTargetDependency */ = {
			isa = PBXTargetDependency;
			target = 1BEF9B2A1EB2F01900D85720 /* NAZKMiner */;
			targetProxy = 1BEF9B531EB2F01A00D85720 /* PBXContainerItemProxy */;
		};
/* End PBXTargetDependency section */

/* Begin PBXVariantGroup section */
		1BEF9B3F1EB2F01A00D85720 /* LaunchScreen.storyboard */ = {
			isa = PBXVariantGroup;
			children = (
				1BEF9B401EB2F01A00D85720 /* Base */,
			);
			name = LaunchScreen.storyboard;
			sourceTree = "<group>";
		};
/* End PBXVariantGroup section */

/* Begin XCBuildConfiguration section */
		1BEF9B591EB2F01A00D85720 /* Debug */ = {
			isa = XCBuildConfiguration;
			buildSettings = {
				ALWAYS_SEARCH_USER_PATHS = NO;
				CLANG_ANALYZER_NONNULL = YES;
				CLANG_ANALYZER_NUMBER_OBJECT_CONVERSION = YES_AGGRESSIVE;
				CLANG_CXX_LANGUAGE_STANDARD = "gnu++0x";
				CLANG_CXX_LIBRARY = "libc++";
				CLANG_ENABLE_MODULES = YES;
				CLANG_ENABLE_OBJC_ARC = YES;
				CLANG_WARN_BOOL_CONVERSION = YES;
				CLANG_WARN_CONSTANT_CONVERSION = YES;
				CLANG_WARN_DIRECT_OBJC_ISA_USAGE = YES_ERROR;
				CLANG_WARN_DOCUMENTATION_COMMENTS = YES;
				CLANG_WARN_EMPTY_BODY = YES;
				CLANG_WARN_ENUM_CONVERSION = YES;
				CLANG_WARN_INFINITE_RECURSION = YES;
				CLANG_WARN_INT_CONVERSION = YES;
				CLANG_WARN_OBJC_ROOT_CLASS = YES_ERROR;
				CLANG_WARN_SUSPICIOUS_MOVE = YES;
				CLANG_WARN_UNREACHABLE_CODE = YES;
				CLANG_WARN__DUPLICATE_METHOD_MATCH = YES;
				"CODE_SIGN_IDENTITY[sdk=iphoneos*]" = "iPhone Developer";
				COPY_PHASE_STRIP = NO;
				DEBUG_INFORMATION_FORMAT = dwarf;
				ENABLE_STRICT_OBJC_MSGSEND = YES;
				ENABLE_TESTABILITY = YES;
				GCC_C_LANGUAGE_STANDARD = gnu99;
				GCC_DYNAMIC_NO_PIC = NO;
				GCC_NO_COMMON_BLOCKS = YES;
				GCC_OPTIMIZATION_LEVEL = 0;
				GCC_PREPROCESSOR_DEFINITIONS = (
					"DEBUG=1",
					"$(inherited)",
				);
				GCC_WARN_64_TO_32_BIT_CONVERSION = YES;
				GCC_WARN_ABOUT_RETURN_TYPE = YES_ERROR;
				GCC_WARN_UNDECLARED_SELECTOR = YES;
				GCC_WARN_UNINITIALIZED_AUTOS = YES_AGGRESSIVE;
				GCC_WARN_UNUSED_FUNCTION = YES;
				GCC_WARN_UNUSED_VARIABLE = YES;
				IPHONEOS_DEPLOYMENT_TARGET = 8.0;
				MTL_ENABLE_DEBUG_INFO = YES;
				ONLY_ACTIVE_ARCH = YES;
				SDKROOT = iphoneos;
			};
			name = Debug;
		};
		1BEF9B5A1EB2F01A00D85720 /* Release */ = {
			isa = XCBuildConfiguration;
			buildSettings = {
				ALWAYS_SEARCH_USER_PATHS = NO;
				CLANG_ANALYZER_NONNULL = YES;
				CLANG_ANALYZER_NUMBER_OBJECT_CONVERSION = YES_AGGRESSIVE;
				CLANG_CXX_LANGUAGE_STANDARD = "gnu++0x";
				CLANG_CXX_LIBRARY = "libc++";
				CLANG_ENABLE_MODULES = YES;
				CLANG_ENABLE_OBJC_ARC = YES;
				CLANG_WARN_BOOL_CONVERSION = YES;
				CLANG_WARN_CONSTANT_CONVERSION = YES;
				CLANG_WARN_DIRECT_OBJC_ISA_USAGE = YES_ERROR;
				CLANG_WARN_DOCUMENTATION_COMMENTS = YES;
				CLANG_WARN_EMPTY_BODY = YES;
				CLANG_WARN_ENUM_CONVERSION = YES;
				CLANG_WARN_INFINITE_RECURSION = YES;
				CLANG_WARN_INT_CONVERSION = YES;
				CLANG_WARN_OBJC_ROOT_CLASS = YES_ERROR;
				CLANG_WARN_SUSPICIOUS_MOVE = YES;
				CLANG_WARN_UNREACHABLE_CODE = YES;
				CLANG_WARN__DUPLICATE_METHOD_MATCH = YES;
				"CODE_SIGN_IDENTITY[sdk=iphoneos*]" = "iPhone Developer";
				COPY_PHASE_STRIP = NO;
				DEBUG_INFORMATION_FORMAT = "dwarf-with-dsym";
				ENABLE_NS_ASSERTIONS = NO;
				ENABLE_STRICT_OBJC_MSGSEND = YES;
				GCC_C_LANGUAGE_STANDARD = gnu99;
				GCC_NO_COMMON_BLOCKS = YES;
				GCC_WARN_64_TO_32_BIT_CONVERSION = YES;
				GCC_WARN_ABOUT_RETURN_TYPE = YES_ERROR;
				GCC_WARN_UNDECLARED_SELECTOR = YES;
				GCC_WARN_UNINITIALIZED_AUTOS = YES_AGGRESSIVE;
				GCC_WARN_UNUSED_FUNCTION = YES;
				GCC_WARN_UNUSED_VARIABLE = YES;
				IPHONEOS_DEPLOYMENT_TARGET = 8.0;
				MTL_ENABLE_DEBUG_INFO = NO;
				SDKROOT = iphoneos;
				VALIDATE_PRODUCT = YES;
			};
			name = Release;
		};
		1BEF9B5C1EB2F01A00D85720 /* Debug */ = {
			isa = XCBuildConfiguration;
			buildSettings = {
				ASSETCATALOG_COMPILER_APPICON_NAME = AppIcon;
				"CODE_SIGN_IDENTITY[sdk=iphoneos*]" = "iPhone Developer";
				DEVELOPMENT_TEAM = "";
				INFOPLIST_FILE = NAZKMiner/Info.plist;
				IPHONEOS_DEPLOYMENT_TARGET = 8.0;
				LD_RUNPATH_SEARCH_PATHS = "$(inherited) @executable_path/Frameworks";
				PRODUCT_BUNDLE_IDENTIFIER = NodeAds.NAZKMiner;
				PRODUCT_NAME = "$(TARGET_NAME)";
				PROVISIONING_PROFILE_SPECIFIER = "";
			};
			name = Debug;
		};
		1BEF9B5D1EB2F01A00D85720 /* Release */ = {
			isa = XCBuildConfiguration;
			buildSettings = {
				ASSETCATALOG_COMPILER_APPICON_NAME = AppIcon;
				"CODE_SIGN_IDENTITY[sdk=iphoneos*]" = "iPhone Developer";
				DEVELOPMENT_TEAM = "";
				INFOPLIST_FILE = NAZKMiner/Info.plist;
				IPHONEOS_DEPLOYMENT_TARGET = 8.0;
				LD_RUNPATH_SEARCH_PATHS = "$(inherited) @executable_path/Frameworks";
				PRODUCT_BUNDLE_IDENTIFIER = NodeAds.NAZKMiner;
				PRODUCT_NAME = "$(TARGET_NAME)";
				PROVISIONING_PROFILE_SPECIFIER = "";
			};
			name = Release;
		};
		1BEF9B5F1EB2F01A00D85720 /* Debug */ = {
			isa = XCBuildConfiguration;
			buildSettings = {
				BUNDLE_LOADER = "$(TEST_HOST)";
				DEVELOPMENT_TEAM = AFK9K52BRT;
				INFOPLIST_FILE = NAZKMinerTests/Info.plist;
				LD_RUNPATH_SEARCH_PATHS = "$(inherited) @executable_path/Frameworks @loader_path/Frameworks";
				PRODUCT_BUNDLE_IDENTIFIER = NodeAds.NAZKMinerTests;
				PRODUCT_NAME = "$(TARGET_NAME)";
				TEST_HOST = "$(BUILT_PRODUCTS_DIR)/NAZKMiner.app/NAZKMiner";
			};
			name = Debug;
		};
		1BEF9B601EB2F01A00D85720 /* Release */ = {
			isa = XCBuildConfiguration;
			buildSettings = {
				BUNDLE_LOADER = "$(TEST_HOST)";
				DEVELOPMENT_TEAM = AFK9K52BRT;
				INFOPLIST_FILE = NAZKMinerTests/Info.plist;
				LD_RUNPATH_SEARCH_PATHS = "$(inherited) @executable_path/Frameworks @loader_path/Frameworks";
				PRODUCT_BUNDLE_IDENTIFIER = NodeAds.NAZKMinerTests;
				PRODUCT_NAME = "$(TARGET_NAME)";
				TEST_HOST = "$(BUILT_PRODUCTS_DIR)/NAZKMiner.app/NAZKMiner";
			};
			name = Release;
		};
		1BEF9B621EB2F01A00D85720 /* Debug */ = {
			isa = XCBuildConfiguration;
			buildSettings = {
				DEVELOPMENT_TEAM = AFK9K52BRT;
				INFOPLIST_FILE = NAZKMinerUITests/Info.plist;
				LD_RUNPATH_SEARCH_PATHS = "$(inherited) @executable_path/Frameworks @loader_path/Frameworks";
				PRODUCT_BUNDLE_IDENTIFIER = NodeAds.NAZKMinerUITests;
				PRODUCT_NAME = "$(TARGET_NAME)";
				TEST_TARGET_NAME = NAZKMiner;
			};
			name = Debug;
		};
		1BEF9B631EB2F01A00D85720 /* Release */ = {
			isa = XCBuildConfiguration;
			buildSettings = {
				DEVELOPMENT_TEAM = AFK9K52BRT;
				INFOPLIST_FILE = NAZKMinerUITests/Info.plist;
				LD_RUNPATH_SEARCH_PATHS = "$(inherited) @executable_path/Frameworks @loader_path/Frameworks";
				PRODUCT_BUNDLE_IDENTIFIER = NodeAds.NAZKMinerUITests;
				PRODUCT_NAME = "$(TARGET_NAME)";
				TEST_TARGET_NAME = NAZKMiner;
			};
			name = Release;
		};
/* End XCBuildConfiguration section */

/* Begin XCConfigurationList section */
		1BEF9B261EB2F01900D85720 /* Build configuration list for PBXProject "NAZKMiner" */ = {
			isa = XCConfigurationList;
			buildConfigurations = (
				1BEF9B591EB2F01A00D85720 /* Debug */,
				1BEF9B5A1EB2F01A00D85720 /* Release */,
			);
			defaultConfigurationIsVisible = 0;
			defaultConfigurationName = Release;
		};
		1BEF9B5B1EB2F01A00D85720 /* Build configuration list for PBXNativeTarget "NAZKMiner" */ = {
			isa = XCConfigurationList;
			buildConfigurations = (
				1BEF9B5C1EB2F01A00D85720 /* Debug */,
				1BEF9B5D1EB2F01A00D85720 /* Release */,
			);
			defaultConfigurationIsVisible = 0;
		};
		1BEF9B5E1EB2F01A00D85720 /* Build configuration list for PBXNativeTarget "NAZKMinerTests" */ = {
			isa = XCConfigurationList;
			buildConfigurations = (
				1BEF9B5F1EB2F01A00D85720 /* Debug */,
				1BEF9B601EB2F01A00D85720 /* Release */,
			);
			defaultConfigurationIsVisible = 0;
		};
		1BEF9B611EB2F01A00D85720 /* Build configuration list for PBXNativeTarget "NAZKMinerUITests" */ = {
			isa = XCConfigurationList;
			buildConfigurations = (
				1BEF9B621EB2F01A00D85720 /* Debug */,
				1BEF9B631EB2F01A00D85720 /* Release */,
			);
			defaultConfigurationIsVisible = 0;
		};
/* End XCConfigurationList section */

/* Begin XCVersionGroup section */
		1BEF9B3A1EB2F01A00D85720 /* NAZKMiner.xcdatamodeld */ = {
			isa = XCVersionGroup;
			children = (
				1BEF9B3B1EB2F01A00D85720 /* NAZKMiner.xcdatamodel */,
			);
			currentVersion = 1BEF9B3B1EB2F01A00D85720 /* NAZKMiner.xcdatamodel */;
			path = NAZKMiner.xcdatamodeld;
			sourceTree = "<group>";
			versionGroupType = wrapper.xcdatamodel;
		};
/* End XCVersionGroup section */
	};
	rootObject = 1BEF9B231EB2F01900D85720 /* Project object */;
}
